
Microsoft Visual Studio Solution File, Format Version 12.00
# Visual Studio Version 17
VisualStudioVersion = 17.14.36804.6 d17.14
MinimumVisualStudioVersion = 10.0.40219.1
Project("{FAE04EC0-301F-11D3-BF4B-00C04F79EFBC}") = "oop", "oop\oop.csproj", "{450831BD-4BDE-41FE-A9AE-F57FDDD95BD3}"
EndProject
Global
	GlobalSection(SolutionConfigurationPlatforms) = preSolution
		Debug|Any CPU = Debug|Any CPU
		Release|Any CPU = Release|Any CPU
	EndGlobalSection
	GlobalSection(ProjectConfigurationPlatforms) = postSolution
		{450831BD-4BDE-41FE-A9AE-F57FDDD95BD3}.Debug|Any CPU.ActiveCfg = Debug|Any CPU
		{450831BD-4BDE-41FE-A9AE-F57FDDD95BD3}.Debug|Any CPU.Build.0 = Debug|Any CPU
		{450831BD-4BDE-41FE-A9AE-F57FDDD95BD3}.Release|Any CPU.ActiveCfg = Release|Any CPU
		{450831BD-4BDE-41FE-A9AE-F57FDDD95BD3}.Release|Any CPU.Build.0 = Release|Any CPU
	EndGlobalSection
	GlobalSection(SolutionProperties) = preSolution
		HideSolutionNode = FALSE
	EndGlobalSection
	GlobalSection(ExtensibilityGlobals) = postSolution
		SolutionGuid = {BDC0D959-9568-4FF4-8D7C-CF6945CF7E09}
	EndGlobalSection
EndGlobal
